
Microsoft Visual Studio Solution File, Format Version 12.00
# Visual Studio Version 17
VisualStudioVersion = 17.9.34607.119
MinimumVisualStudioVersion = 10.0.40219.1
Project("{9A19103F-16F7-4668-BE54-9A1E7A4F7556}") = "Buutyful.Wardrobe", "Buutyful.Wardrobe\Buutyful.Wardrobe\Buutyful.Wardrobe.csproj", "{21D6D853-0D8F-480C-A92B-7DC7EA0AE56D}"
EndProject
Project("{9A19103F-16F7-4668-BE54-9A1E7A4F7556}") = "Buutyful.Wardrobe.Client", "Buutyful.Wardrobe\Buutyful.Wardrobe.Client\Buutyful.Wardrobe.Client.csproj", "{33E5DC0C-2A4E-4935-87E0-4A282E2434E3}"
EndProject
Project("{9A19103F-16F7-4668-BE54-9A1E7A4F7556}") = "Buutyful.Wardrobe.Shared", "Buutyful.Wardrobe\Buutyful.Wardrobe.Shared\Buutyful.Wardrobe.Shared.csproj", "{16F4BEEC-9F63-4312-9B14-086EFEE01ACB}"
EndProject
Global
	GlobalSection(SolutionConfigurationPlatforms) = preSolution
		Debug|Any CPU = Debug|Any CPU
		Release|Any CPU = Release|Any CPU
	EndGlobalSection
	GlobalSection(ProjectConfigurationPlatforms) = postSolution
		{21D6D853-0D8F-480C-A92B-7DC7EA0AE56D}.Debug|Any CPU.ActiveCfg = Debug|Any CPU
		{21D6D853-0D8F-480C-A92B-7DC7EA0AE56D}.Debug|Any CPU.Build.0 = Debug|Any CPU
		{21D6D853-0D8F-480C-A92B-7DC7EA0AE56D}.Release|Any CPU.ActiveCfg = Release|Any CPU
		{21D6D853-0D8F-480C-A92B-7DC7EA0AE56D}.Release|Any CPU.Build.0 = Release|Any CPU
		{33E5DC0C-2A4E-4935-87E0-4A282E2434E3}.Debug|Any CPU.ActiveCfg = Debug|Any CPU
		{33E5DC0C-2A4E-4935-87E0-4A282E2434E3}.Debug|Any CPU.Build.0 = Debug|Any CPU
		{33E5DC0C-2A4E-4935-87E0-4A282E2434E3}.Release|Any CPU.ActiveCfg = Release|Any CPU
		{33E5DC0C-2A4E-4935-87E0-4A282E2434E3}.Release|Any CPU.Build.0 = Release|Any CPU
		{16F4BEEC-9F63-4312-9B14-086EFEE01ACB}.Debug|Any CPU.ActiveCfg = Debug|Any CPU
		{16F4BEEC-9F63-4312-9B14-086EFEE01ACB}.Debug|Any CPU.Build.0 = Debug|Any CPU
		{16F4BEEC-9F63-4312-9B14-086EFEE01ACB}.Release|Any CPU.ActiveCfg = Release|Any CPU
		{16F4BEEC-9F63-4312-9B14-086EFEE01ACB}.Release|Any CPU.Build.0 = Release|Any CPU
	EndGlobalSection
	GlobalSection(SolutionProperties) = preSolution
		HideSolutionNode = FALSE
	EndGlobalSection
	GlobalSection(ExtensibilityGlobals) = postSolution
		SolutionGuid = {9C3DDA67-0A41-468B-A503-A0ABAB18FFCB}
	EndGlobalSection
EndGlobal
