
Microsoft Visual Studio Solution File, Format Version 12.00
# Visual Studio Version 17
VisualStudioVersion = 17.12.35521.163
MinimumVisualStudioVersion = 10.0.40219.1
Project("{2150E333-8FDC-42A3-9474-1A3956D46DE8}") = "Solution Items", "Solution Items", "{9AF75475-69D8-486D-B97C-150D1721BE68}"
	ProjectSection(SolutionItems) = preProject
		.editorconfig = .editorconfig
		.gitignore = .gitignore
		README.md = README.md
	EndProjectSection
EndProject
Project("{2150E333-8FDC-42A3-9474-1A3956D46DE8}") = "src", "src", "{D4C95AB4-95ED-405C-9C06-815DDC92D68D}"
EndProject
Project("{FAE04EC0-301F-11D3-BF4B-00C04F79EFBC}") = "WardrobeInventory.Blazor", "src\WardrobeInventory.Blazor\WardrobeInventory.Blazor.csproj", "{EA3C164B-7DBC-4968-BE3E-071E5B895088}"
EndProject
Project("{FAE04EC0-301F-11D3-BF4B-00C04F79EFBC}") = "WardrobeInventory", "src\WardrobeInventory\WardrobeInventory.csproj", "{AEF958D3-253F-4C6E-A221-93EB0A26948A}"
EndProject
Project("{FAE04EC0-301F-11D3-BF4B-00C04F79EFBC}") = "WardrobeInventory.Api", "src\WardrobeInventory.Api\WardrobeInventory.Api.csproj", "{79F1BE62-7240-40F1-B8B9-3DD49E88A2F1}"
EndProject
Global
	GlobalSection(SolutionConfigurationPlatforms) = preSolution
		Debug|Any CPU = Debug|Any CPU
		Release|Any CPU = Release|Any CPU
	EndGlobalSection
	GlobalSection(ProjectConfigurationPlatforms) = postSolution
		{EA3C164B-7DBC-4968-BE3E-071E5B895088}.Debug|Any CPU.ActiveCfg = Debug|Any CPU
		{EA3C164B-7DBC-4968-BE3E-071E5B895088}.Debug|Any CPU.Build.0 = Debug|Any CPU
		{EA3C164B-7DBC-4968-BE3E-071E5B895088}.Release|Any CPU.ActiveCfg = Release|Any CPU
		{EA3C164B-7DBC-4968-BE3E-071E5B895088}.Release|Any CPU.Build.0 = Release|Any CPU
		{AEF958D3-253F-4C6E-A221-93EB0A26948A}.Debug|Any CPU.ActiveCfg = Debug|Any CPU
		{AEF958D3-253F-4C6E-A221-93EB0A26948A}.Debug|Any CPU.Build.0 = Debug|Any CPU
		{AEF958D3-253F-4C6E-A221-93EB0A26948A}.Release|Any CPU.ActiveCfg = Release|Any CPU
		{AEF958D3-253F-4C6E-A221-93EB0A26948A}.Release|Any CPU.Build.0 = Release|Any CPU
		{79F1BE62-7240-40F1-B8B9-3DD49E88A2F1}.Debug|Any CPU.ActiveCfg = Debug|Any CPU
		{79F1BE62-7240-40F1-B8B9-3DD49E88A2F1}.Debug|Any CPU.Build.0 = Debug|Any CPU
		{79F1BE62-7240-40F1-B8B9-3DD49E88A2F1}.Release|Any CPU.ActiveCfg = Release|Any CPU
		{79F1BE62-7240-40F1-B8B9-3DD49E88A2F1}.Release|Any CPU.Build.0 = Release|Any CPU
	EndGlobalSection
	GlobalSection(SolutionProperties) = preSolution
		HideSolutionNode = FALSE
	EndGlobalSection
	GlobalSection(NestedProjects) = preSolution
		{EA3C164B-7DBC-4968-BE3E-071E5B895088} = {D4C95AB4-95ED-405C-9C06-815DDC92D68D}
		{AEF958D3-253F-4C6E-A221-93EB0A26948A} = {D4C95AB4-95ED-405C-9C06-815DDC92D68D}
		{79F1BE62-7240-40F1-B8B9-3DD49E88A2F1} = {D4C95AB4-95ED-405C-9C06-815DDC92D68D}
	EndGlobalSection
EndGlobal
