
Microsoft Visual Studio Solution File, Format Version 12.00
# Visual Studio Version 17
VisualStudioVersion = 17.9.34723.18
MinimumVisualStudioVersion = 10.0.40219.1
Project("{9A19103F-16F7-4668-BE54-9A1E7A4F7556}") = "Kmakai.WardrobeInventory", "Kmakai.WardrobeInventory\Kmakai.WardrobeInventory\Kmakai.WardrobeInventory.csproj", "{3D8C39BD-AB22-48D9-8370-20D4008AD63C}"
EndProject
Project("{9A19103F-16F7-4668-BE54-9A1E7A4F7556}") = "Kmakai.WardrobeInventory.Client", "Kmakai.WardrobeInventory\Kmakai.WardrobeInventory.Client\Kmakai.WardrobeInventory.Client.csproj", "{437CBBB1-807C-46EC-B04A-8D842FD33FDB}"
EndProject
Project("{9A19103F-16F7-4668-BE54-9A1E7A4F7556}") = "Shared", "Shared\Shared.csproj", "{4E257773-E2DF-45D5-A7B8-7040FE945B61}"
EndProject
Global
	GlobalSection(SolutionConfigurationPlatforms) = preSolution
		Debug|Any CPU = Debug|Any CPU
		Release|Any CPU = Release|Any CPU
	EndGlobalSection
	GlobalSection(ProjectConfigurationPlatforms) = postSolution
		{3D8C39BD-AB22-48D9-8370-20D4008AD63C}.Debug|Any CPU.ActiveCfg = Debug|Any CPU
		{3D8C39BD-AB22-48D9-8370-20D4008AD63C}.Debug|Any CPU.Build.0 = Debug|Any CPU
		{3D8C39BD-AB22-48D9-8370-20D4008AD63C}.Release|Any CPU.ActiveCfg = Release|Any CPU
		{3D8C39BD-AB22-48D9-8370-20D4008AD63C}.Release|Any CPU.Build.0 = Release|Any CPU
		{437CBBB1-807C-46EC-B04A-8D842FD33FDB}.Debug|Any CPU.ActiveCfg = Debug|Any CPU
		{437CBBB1-807C-46EC-B04A-8D842FD33FDB}.Debug|Any CPU.Build.0 = Debug|Any CPU
		{437CBBB1-807C-46EC-B04A-8D842FD33FDB}.Release|Any CPU.ActiveCfg = Release|Any CPU
		{437CBBB1-807C-46EC-B04A-8D842FD33FDB}.Release|Any CPU.Build.0 = Release|Any CPU
		{4E257773-E2DF-45D5-A7B8-7040FE945B61}.Debug|Any CPU.ActiveCfg = Debug|Any CPU
		{4E257773-E2DF-45D5-A7B8-7040FE945B61}.Debug|Any CPU.Build.0 = Debug|Any CPU
		{4E257773-E2DF-45D5-A7B8-7040FE945B61}.Release|Any CPU.ActiveCfg = Release|Any CPU
		{4E257773-E2DF-45D5-A7B8-7040FE945B61}.Release|Any CPU.Build.0 = Release|Any CPU
	EndGlobalSection
	GlobalSection(SolutionProperties) = preSolution
		HideSolutionNode = FALSE
	EndGlobalSection
	GlobalSection(ExtensibilityGlobals) = postSolution
		SolutionGuid = {10E93158-CA35-4B2D-AF04-EC7EE22ACA6F}
	EndGlobalSection
EndGlobal
