
Microsoft Visual Studio Solution File, Format Version 12.00
# Visual Studio Version 17
VisualStudioVersion = 17.9.34714.143
MinimumVisualStudioVersion = 10.0.40219.1
Project("{9A19103F-16F7-4668-BE54-9A1E7A4F7556}") = "Wardrobe.BBualdo", "Wardrobe.BBualdo.csproj", "{1A65B878-8DE4-4292-B30D-47D9304170FF}"
EndProject
Global
	GlobalSection(SolutionConfigurationPlatforms) = preSolution
		Debug|Any CPU = Debug|Any CPU
		Release|Any CPU = Release|Any CPU
	EndGlobalSection
	GlobalSection(ProjectConfigurationPlatforms) = postSolution
		{1A65B878-8DE4-4292-B30D-47D9304170FF}.Debug|Any CPU.ActiveCfg = Debug|Any CPU
		{1A65B878-8DE4-4292-B30D-47D9304170FF}.Debug|Any CPU.Build.0 = Debug|Any CPU
		{1A65B878-8DE4-4292-B30D-47D9304170FF}.Release|Any CPU.ActiveCfg = Release|Any CPU
		{1A65B878-8DE4-4292-B30D-47D9304170FF}.Release|Any CPU.Build.0 = Release|Any CPU
	EndGlobalSection
	GlobalSection(SolutionProperties) = preSolution
		HideSolutionNode = FALSE
	EndGlobalSection
	GlobalSection(ExtensibilityGlobals) = postSolution
		SolutionGuid = {EB432B9E-2717-4238-B90F-62EEE27EFEF7}
	EndGlobalSection
EndGlobal
